
Microsoft Visual Studio Solution File, Format Version 12.00
# Visual Studio 15
VisualStudioVersion = 15.0.28010.2041
MinimumVisualStudioVersion = 10.0.40219.1
Project("{8BC9CEB8-8B4A-11D0-8D11-00A0C91BC942}") = "EasyMinecraft", "EasyMinecraft\EasyMinecraft.vcxproj", "{230B33DA-72C4-4E3E-B3D8-319947B030FE}"
EndProject
Project("{2150E333-8FDC-42A3-9474-1A3956D46DE8}") = "Solution Items", "Solution Items", "{8337E862-6CEA-4140-B6C8-26C1220B4022}"
	ProjectSection(SolutionItems) = preProject
		README.md = README.md
	EndProjectSection
EndProject
Global
	GlobalSection(SolutionConfigurationPlatforms) = preSolution
		Debug|x64 = Debug|x64
		Debug|x86 = Debug|x86
		Release|x64 = Release|x64
		Release|x86 = Release|x86
	EndGlobalSection
	GlobalSection(ProjectConfigurationPlatforms) = postSolution
		{230B33DA-72C4-4E3E-B3D8-319947B030FE}.Debug|x64.ActiveCfg = Debug|x64
		{230B33DA-72C4-4E3E-B3D8-319947B030FE}.Debug|x64.Build.0 = Debug|x64
		{230B33DA-72C4-4E3E-B3D8-319947B030FE}.Debug|x86.ActiveCfg = Debug|Win32
		{230B33DA-72C4-4E3E-B3D8-319947B030FE}.Debug|x86.Build.0 = Debug|Win32
		{230B33DA-72C4-4E3E-B3D8-319947B030FE}.Release|x64.ActiveCfg = Release|x64
		{230B33DA-72C4-4E3E-B3D8-319947B030FE}.Release|x64.Build.0 = Release|x64
		{230B33DA-72C4-4E3E-B3D8-319947B030FE}.Release|x86.ActiveCfg = Release|Win32
		{230B33DA-72C4-4E3E-B3D8-319947B030FE}.Release|x86.Build.0 = Release|Win32
	EndGlobalSection
	GlobalSection(SolutionProperties) = preSolution
		HideSolutionNode = FALSE
	EndGlobalSection
	GlobalSection(ExtensibilityGlobals) = postSolution
		SolutionGuid = {F180CBE8-EA6B-4457-A9B8-FA992DA90785}
	EndGlobalSection
EndGlobal
